
Microsoft Visual Studio Solution File, Format Version 12.00
# Visual Studio Version 17
VisualStudioVersion = 17.0.32112.339
MinimumVisualStudioVersion = 10.0.40219.1
Project("{9A19103F-16F7-4668-BE54-9A1E7A4F7556}") = "CinemaWebApi", "CinemaWebApi\CinemaWebApi.csproj", "{F3B00BEB-A88C-4E5F-8B77-6E33655EEE54}"
EndProject
Project("{FAE04EC0-301F-11D3-BF4B-00C04F79EFBC}") = "CinemaWebApi.BusinessLayer", "CinemaWebApi.BusinessLayer\CinemaWebApi.BusinessLayer.csproj", "{CAE62340-BE48-4238-AE21-6BDF26F3F2AB}"
EndProject
Project("{FAE04EC0-301F-11D3-BF4B-00C04F79EFBC}") = "CinemaWebApi.DataAccessLayer", "CinemaWebApi.DataAccessLayer\CinemaWebApi.DataAccessLayer.csproj", "{34F5BBE4-7580-46F4-B1B1-304E3D944E39}"
EndProject
Global
	GlobalSection(SolutionConfigurationPlatforms) = preSolution
		Debug|Any CPU = Debug|Any CPU
		Release|Any CPU = Release|Any CPU
	EndGlobalSection
	GlobalSection(ProjectConfigurationPlatforms) = postSolution
		{F3B00BEB-A88C-4E5F-8B77-6E33655EEE54}.Debug|Any CPU.ActiveCfg = Debug|Any CPU
		{F3B00BEB-A88C-4E5F-8B77-6E33655EEE54}.Debug|Any CPU.Build.0 = Debug|Any CPU
		{F3B00BEB-A88C-4E5F-8B77-6E33655EEE54}.Release|Any CPU.ActiveCfg = Release|Any CPU
		{F3B00BEB-A88C-4E5F-8B77-6E33655EEE54}.Release|Any CPU.Build.0 = Release|Any CPU
		{CAE62340-BE48-4238-AE21-6BDF26F3F2AB}.Debug|Any CPU.ActiveCfg = Debug|Any CPU
		{CAE62340-BE48-4238-AE21-6BDF26F3F2AB}.Debug|Any CPU.Build.0 = Debug|Any CPU
		{CAE62340-BE48-4238-AE21-6BDF26F3F2AB}.Release|Any CPU.ActiveCfg = Release|Any CPU
		{CAE62340-BE48-4238-AE21-6BDF26F3F2AB}.Release|Any CPU.Build.0 = Release|Any CPU
		{34F5BBE4-7580-46F4-B1B1-304E3D944E39}.Debug|Any CPU.ActiveCfg = Debug|Any CPU
		{34F5BBE4-7580-46F4-B1B1-304E3D944E39}.Debug|Any CPU.Build.0 = Debug|Any CPU
		{34F5BBE4-7580-46F4-B1B1-304E3D944E39}.Release|Any CPU.ActiveCfg = Release|Any CPU
		{34F5BBE4-7580-46F4-B1B1-304E3D944E39}.Release|Any CPU.Build.0 = Release|Any CPU
	EndGlobalSection
	GlobalSection(SolutionProperties) = preSolution
		HideSolutionNode = FALSE
	EndGlobalSection
	GlobalSection(ExtensibilityGlobals) = postSolution
		SolutionGuid = {90ADBDCD-DA54-4F22-9832-7DFDDFA694C1}
	EndGlobalSection
EndGlobal
